
Microsoft Visual Studio Solution File, Format Version 12.00
# Visual Studio Version 17
VisualStudioVersion = 17.8.34525.116
MinimumVisualStudioVersion = 10.0.40219.1
Project("{FAE04EC0-301F-11D3-BF4B-00C04F79EFBC}") = "MauiAppCalculator", "MauiAppCalculator\MauiAppCalculator.csproj", "{EA834F9B-8BAD-49D3-B483-558F4C1020CA}"
EndProject
Global
	GlobalSection(SolutionConfigurationPlatforms) = preSolution
		Debug|Any CPU = Debug|Any CPU
		Release|Any CPU = Release|Any CPU
	EndGlobalSection
	GlobalSection(ProjectConfigurationPlatforms) = postSolution
		{EA834F9B-8BAD-49D3-B483-558F4C1020CA}.Debug|Any CPU.ActiveCfg = Debug|Any CPU
		{EA834F9B-8BAD-49D3-B483-558F4C1020CA}.Debug|Any CPU.Build.0 = Debug|Any CPU
		{EA834F9B-8BAD-49D3-B483-558F4C1020CA}.Debug|Any CPU.Deploy.0 = Debug|Any CPU
		{EA834F9B-8BAD-49D3-B483-558F4C1020CA}.Release|Any CPU.ActiveCfg = Release|Any CPU
		{EA834F9B-8BAD-49D3-B483-558F4C1020CA}.Release|Any CPU.Build.0 = Release|Any CPU
		{EA834F9B-8BAD-49D3-B483-558F4C1020CA}.Release|Any CPU.Deploy.0 = Release|Any CPU
	EndGlobalSection
	GlobalSection(SolutionProperties) = preSolution
		HideSolutionNode = FALSE
	EndGlobalSection
	GlobalSection(ExtensibilityGlobals) = postSolution
		SolutionGuid = {A425D6F5-F0FC-44C8-9E1E-E95509B1D82D}
	EndGlobalSection
EndGlobal
